
Microsoft Visual Studio Solution File, Format Version 12.00
# Visual Studio Version 17
VisualStudioVersion = 17.8.34511.84
MinimumVisualStudioVersion = 10.0.40219.1
Project("{FAE04EC0-301F-11D3-BF4B-00C04F79EFBC}") = "BlazorTestApp", "BlazorTestApp.csproj", "{6B42BC25-4912-4573-8DA3-1BE930A0D850}"
EndProject
Project("{00D1A9C2-B5F0-4AF3-8072-F6C62B433612}") = "DB", "..\DB\DB.sqlproj", "{16D010C5-B138-4ECD-8487-AC57698291A8}"
EndProject
Global
	GlobalSection(SolutionConfigurationPlatforms) = preSolution
		Debug|Any CPU = Debug|Any CPU
		Release|Any CPU = Release|Any CPU
	EndGlobalSection
	GlobalSection(ProjectConfigurationPlatforms) = postSolution
		{6B42BC25-4912-4573-8DA3-1BE930A0D850}.Debug|Any CPU.ActiveCfg = Debug|Any CPU
		{6B42BC25-4912-4573-8DA3-1BE930A0D850}.Debug|Any CPU.Build.0 = Debug|Any CPU
		{6B42BC25-4912-4573-8DA3-1BE930A0D850}.Release|Any CPU.ActiveCfg = Release|Any CPU
		{6B42BC25-4912-4573-8DA3-1BE930A0D850}.Release|Any CPU.Build.0 = Release|Any CPU
		{16D010C5-B138-4ECD-8487-AC57698291A8}.Debug|Any CPU.ActiveCfg = Debug|Any CPU
		{16D010C5-B138-4ECD-8487-AC57698291A8}.Debug|Any CPU.Build.0 = Debug|Any CPU
		{16D010C5-B138-4ECD-8487-AC57698291A8}.Debug|Any CPU.Deploy.0 = Debug|Any CPU
		{16D010C5-B138-4ECD-8487-AC57698291A8}.Release|Any CPU.ActiveCfg = Release|Any CPU
		{16D010C5-B138-4ECD-8487-AC57698291A8}.Release|Any CPU.Build.0 = Release|Any CPU
		{16D010C5-B138-4ECD-8487-AC57698291A8}.Release|Any CPU.Deploy.0 = Release|Any CPU
	EndGlobalSection
	GlobalSection(SolutionProperties) = preSolution
		HideSolutionNode = FALSE
	EndGlobalSection
	GlobalSection(ExtensibilityGlobals) = postSolution
		SolutionGuid = {483AEC7A-E63A-49CE-8045-1F0EBD14001E}
	EndGlobalSection
EndGlobal
